PODS:
  - FBAnnotationClusteringSwift (2.1)

DEPENDENCIES:
  - FBAnnotationClusteringSwift (from `../`)

EXTERNAL SOURCES:
  FBAnnotationClusteringSwift:
    :path: "../"

SPEC CHECKSUMS:
  FBAnnotationClusteringSwift: eac88d87e2947c7f8e591dbb776f189e968a8ae1

PODFILE CHECKSUM: efab2b6c416e3fa4a2535585461e6c02bd57ea2b

COCOAPODS: 1.8.0
